// !$*UTF8*$!
{
	archiveVersion = 1;
	classes = {
	};
	objectVersion = 46;
	objects = {

/* Begin PBXBuildFile section */
		286A2A7D18D40E52009385DF /* Foundation.framework in Frameworks */ = {isa = PBXBuildFile; fileRef = 286A2A7C18D40E52009385DF /* Foundation.framework */; };
		286A2A7F18D40E52009385DF /* CoreGraphics.framework in Frameworks */ = {isa = PBXBuildFile; fileRef = 286A2A7E18D40E52009385DF /* CoreGraphics.framework */; };
		286A2A8118D40E52009385DF /* UIKit.framework in Frameworks */ = {isa = PBXBuildFile; fileRef = 286A2A8018D40E52009385DF /* UIKit.framework */; };
		286A2A8718D40E52009385DF /* InfoPlist.strings in Resources */ = {isa = PBXBuildFile; fileRef = 286A2A8518D40E52009385DF /* InfoPlist.strings */; };
		286A2A8918D40E52009385DF /* main.m in Sources */ = {isa = PBXBuildFile; fileRef = 286A2A8818D40E52009385DF /* main.m */; };
		286A2A8D18D40E52009385DF /* AppDelegate.m in Sources */ = {isa = PBXBuildFile; fileRef = 286A2A8C18D40E52009385DF /* AppDelegate.m */; };
		286A2A8F18D40E52009385DF /* Images.xcassets in Resources */ = {isa = PBXBuildFile; fileRef = 286A2A8E18D40E52009385DF /* Images.xcassets */; };
		286A2A9618D40E52009385DF /* XCTest.framework in Frameworks */ = {isa = PBXBuildFile; fileRef = 286A2A9518D40E52009385DF /* XCTest.framework */; };
		286A2A9718D40E52009385DF /* Foundation.framework in Frameworks */ = {isa = PBXBuildFile; fileRef = 286A2A7C18D40E52009385DF /* Foundation.framework */; };
		286A2A9818D40E52009385DF /* UIKit.framework in Frameworks */ = {isa = PBXBuildFile; fileRef = 286A2A8018D40E52009385DF /* UIKit.framework */; };
		286A2AA018D40E52009385DF /* InfoPlist.strings in Resources */ = {isa = PBXBuildFile; fileRef = 286A2A9E18D40E52009385DF /* InfoPlist.strings */; };
		286A2AA218D40E52009385DF /* SebbiToolBeltTests.m in Sources */ = {isa = PBXBuildFile; fileRef = 286A2AA118D40E52009385DF /* SebbiToolBeltTests.m */; };
		286A2AB318D4102A009385DF /* UIImage+BoxBlur.m in Sources */ = {isa = PBXBuildFile; fileRef = 286A2AB218D4102A009385DF /* UIImage+BoxBlur.m */; };
		286A2AB418D4102A009385DF /* UIImage+BoxBlur.m in Sources */ = {isa = PBXBuildFile; fileRef = 286A2AB218D4102A009385DF /* UIImage+BoxBlur.m */; };
		286A2AB718D41155009385DF /* UIImage+AverageColor.m in Sources */ = {isa = PBXBuildFile; fileRef = 286A2AB618D41155009385DF /* UIImage+AverageColor.m */; };
		286A2AB818D41155009385DF /* UIImage+AverageColor.m in Sources */ = {isa = PBXBuildFile; fileRef = 286A2AB618D41155009385DF /* UIImage+AverageColor.m */; };
		286A2ABA18D413A6009385DF /* UIImage+AverageColorTest.m in Sources */ = {isa = PBXBuildFile; fileRef = 286A2AB918D413A6009385DF /* UIImage+AverageColorTest.m */; };
		286A2ABE18D41609009385DF /* whiteRGBA.png in Resources */ = {isa = PBXBuildFile; fileRef = 286A2ABB18D41609009385DF /* whiteRGBA.png */; };
		286A2AC018D41609009385DF /* blackRGBA.png in Resources */ = {isa = PBXBuildFile; fileRef = 286A2ABD18D41609009385DF /* blackRGBA.png */; };
		286A2AC118D4170E009385DF /* whiteRGBA.png in Resources */ = {isa = PBXBuildFile; fileRef = 286A2ABB18D41609009385DF /* whiteRGBA.png */; };
		286A2AC318D418D8009385DF /* blackRGBA.png in Resources */ = {isa = PBXBuildFile; fileRef = 286A2ABD18D41609009385DF /* blackRGBA.png */; };
		286A2AC818D4C99A009385DF /* midgrayRGBA.png in Resources */ = {isa = PBXBuildFile; fileRef = 286A2AC718D4C99A009385DF /* midgrayRGBA.png */; };
		286A2AC918D4C99A009385DF /* midgrayRGBA.png in Resources */ = {isa = PBXBuildFile; fileRef = 286A2AC718D4C99A009385DF /* midgrayRGBA.png */; };
		286A2ACD18D4CE02009385DF /* greenRGBA.png in Resources */ = {isa = PBXBuildFile; fileRef = 286A2ACA18D4CE02009385DF /* greenRGBA.png */; };
		286A2ACE18D4CE02009385DF /* greenRGBA.png in Resources */ = {isa = PBXBuildFile; fileRef = 286A2ACA18D4CE02009385DF /* greenRGBA.png */; };
		286A2ACF18D4CE02009385DF /* blueRGBA.png in Resources */ = {isa = PBXBuildFile; fileRef = 286A2ACB18D4CE02009385DF /* blueRGBA.png */; };
		286A2AD018D4CE02009385DF /* blueRGBA.png in Resources */ = {isa = PBXBuildFile; fileRef = 286A2ACB18D4CE02009385DF /* blueRGBA.png */; };
		286A2AD118D4CE02009385DF /* redRGBA.png in Resources */ = {isa = PBXBuildFile; fileRef = 286A2ACC18D4CE02009385DF /* redRGBA.png */; };
		286A2AD218D4CE02009385DF /* redRGBA.png in Resources */ = {isa = PBXBuildFile; fileRef = 286A2ACC18D4CE02009385DF /* redRGBA.png */; };
		286A2AD718D4CF9C009385DF /* halfbluehalfredRGBA.png in Resources */ = {isa = PBXBuildFile; fileRef = 286A2AD618D4CF9C009385DF /* halfbluehalfredRGBA.png */; };
		286A2AD818D4CF9C009385DF /* halfbluehalfredRGBA.png in Resources */ = {isa = PBXBuildFile; fileRef = 286A2AD618D4CF9C009385DF /* halfbluehalfredRGBA.png */; };
		286A2ADA18D54C07009385DF /* duckRGB.jpg in Resources */ = {isa = PBXBuildFile; fileRef = 286A2AD918D54C07009385DF /* duckRGB.jpg */; };
		286A2ADB18D54C07009385DF /* duckRGB.jpg in Resources */ = {isa = PBXBuildFile; fileRef = 286A2AD918D54C07009385DF /* duckRGB.jpg */; };
		286A2ADD18D5508D009385DF /* catBigRGB.jpg in Resources */ = {isa = PBXBuildFile; fileRef = 286A2ADC18D5508D009385DF /* catBigRGB.jpg */; };
		286A2ADE18D5508D009385DF /* catBigRGB.jpg in Resources */ = {isa = PBXBuildFile; fileRef = 286A2ADC18D5508D009385DF /* catBigRGB.jpg */; };
		2877C7E918D5597B00E47392 /* horizontalRGB.jpg in Resources */ = {isa = PBXBuildFile; fileRef = 2877C7E718D5597B00E47392 /* horizontalRGB.jpg */; };
		2877C7EA18D5597B00E47392 /* verticalRGB.jpg in Resources */ = {isa = PBXBuildFile; fileRef = 2877C7E818D5597B00E47392 /* verticalRGB.jpg */; };
		2877C7EB18D55A7400E47392 /* horizontalRGB.jpg in Resources */ = {isa = PBXBuildFile; fileRef = 2877C7E718D5597B00E47392 /* horizontalRGB.jpg */; };
		2877C7EC18D55A7800E47392 /* verticalRGB.jpg in Resources */ = {isa = PBXBuildFile; fileRef = 2877C7E818D5597B00E47392 /* verticalRGB.jpg */; };
		2877C7EE18D55B4800E47392 /* BlackAndWhiteRGB.jpg in Resources */ = {isa = PBXBuildFile; fileRef = 2877C7ED18D55B4800E47392 /* BlackAndWhiteRGB.jpg */; };
		2877C7EF18D55B9600E47392 /* BlackAndWhiteRGB.jpg in Resources */ = {isa = PBXBuildFile; fileRef = 2877C7ED18D55B4800E47392 /* BlackAndWhiteRGB.jpg */; };
		2877C7F418D55E2E00E47392 /* doisneauKissSmallRGB.jpg in Resources */ = {isa = PBXBuildFile; fileRef = 2877C7F318D55E2E00E47392 /* doisneauKissSmallRGB.jpg */; };
		2877C7F518D55E2E00E47392 /* doisneauKissSmallRGB.jpg in Resources */ = {isa = PBXBuildFile; fileRef = 2877C7F318D55E2E00E47392 /* doisneauKissSmallRGB.jpg */; };
		2877C7F718D7341D00E47392 /* BlackAndWhite.jpg in Resources */ = {isa = PBXBuildFile; fileRef = 2877C7F618D7341D00E47392 /* BlackAndWhite.jpg */; };
		2877C7F818D7341D00E47392 /* BlackAndWhite.jpg in Resources */ = {isa = PBXBuildFile; fileRef = 2877C7F618D7341D00E47392 /* BlackAndWhite.jpg */; };
		2877C7FD18D7351100E47392 /* BlackAndWhite.png in Resources */ = {isa = PBXBuildFile; fileRef = 2877C7FC18D7351100E47392 /* BlackAndWhite.png */; };
		2877C7FE18D7351100E47392 /* BlackAndWhite.png in Resources */ = {isa = PBXBuildFile; fileRef = 2877C7FC18D7351100E47392 /* BlackAndWhite.png */; };
		2877C80018D735C900E47392 /* BlackAndWhiteSmall.png in Resources */ = {isa = PBXBuildFile; fileRef = 2877C7FF18D735C900E47392 /* BlackAndWhiteSmall.png */; };
		2877C80118D735C900E47392 /* BlackAndWhiteSmall.png in Resources */ = {isa = PBXBuildFile; fileRef = 2877C7FF18D735C900E47392 /* BlackAndWhiteSmall.png */; };
		2877C80318D73AAC00E47392 /* white.png in Resources */ = {isa = PBXBuildFile; fileRef = 2877C80218D73AAC00E47392 /* white.png */; };
		2877C80418D73AAC00E47392 /* white.png in Resources */ = {isa = PBXBuildFile; fileRef = 2877C80218D73AAC00E47392 /* white.png */; };
		2877C80618D73B5300E47392 /* black.png in Resources */ = {isa = PBXBuildFile; fileRef = 2877C80518D73B5300E47392 /* black.png */; };
		2877C80718D73B5300E47392 /* black.png in Resources */ = {isa = PBXBuildFile; fileRef = 2877C80518D73B5300E47392 /* black.png */; };
		2877C80918D7402A00E47392 /* BlackBig.png in Resources */ = {isa = PBXBuildFile; fileRef = 2877C80818D7402A00E47392 /* BlackBig.png */; };
		2877C80A18D7402A00E47392 /* BlackBig.png in Resources */ = {isa = PBXBuildFile; fileRef = 2877C80818D7402A00E47392 /* BlackBig.png */; };
		28E54CDB18D7DE7700795E6C /* UIColor+Opposite.m in Sources */ = {isa = PBXBuildFile; fileRef = 28E54CDA18D7DE7700795E6C /* UIColor+Opposite.m */; };
		28E54CDC18D7DE7700795E6C /* UIColor+Opposite.m in Sources */ = {isa = PBXBuildFile; fileRef = 28E54CDA18D7DE7700795E6C /* UIColor+Opposite.m */; };
		28E54CDE18D7DF4800795E6C /* UIColor+OppositeTest.m in Sources */ = {isa = PBXBuildFile; fileRef = 28E54CDD18D7DF4800795E6C /* UIColor+OppositeTest.m */; };
		28E54CE118D7E25100795E6C /* UIColor+Brightness.m in Sources */ = {isa = PBXBuildFile; fileRef = 28E54CE018D7E25100795E6C /* UIColor+Brightness.m */; };
		28E54CE218D7E25100795E6C /* UIColor+Brightness.m in Sources */ = {isa = PBXBuildFile; fileRef = 28E54CE018D7E25100795E6C /* UIColor+Brightness.m */; };
		28E54CE418D7E2F700795E6C /* UIColor+BrightnessTest.m in Sources */ = {isa = PBXBuildFile; fileRef = 28E54CE318D7E2F700795E6C /* UIColor+BrightnessTest.m */; };
		28E54CE718D7E7D300795E6C /* UIColor+Hex.m in Sources */ = {isa = PBXBuildFile; fileRef = 28E54CE618D7E7D300795E6C /* UIColor+Hex.m */; };
		28E54CE818D7E7D300795E6C /* UIColor+Hex.m in Sources */ = {isa = PBXBuildFile; fileRef = 28E54CE618D7E7D300795E6C /* UIColor+Hex.m */; };
/* End PBXBuildFile section */

/* Begin PBXContainerItemProxy section */
		286A2A9918D40E52009385DF /* PBXContainerItemProxy */ = {
			isa = PBXContainerItemProxy;
			containerPortal = 286A2A7118D40E52009385DF /* Project object */;
			proxyType = 1;
			remoteGlobalIDString = 286A2A7818D40E52009385DF;
			remoteInfo = SebbiToolBelt;
		};
/* End PBXContainerItemProxy section */

/* Begin PBXFileReference section */
		286A2A7918D40E52009385DF /* SebbiToolBelt.app */ = {isa = PBXFileReference; explicitFileType = wrapper.application; includeInIndex = 0; path = SebbiToolBelt.app; sourceTree = BUILT_PRODUCTS_DIR; };
		286A2A7C18D40E52009385DF /* Foundation.framework */ = {isa = PBXFileReference; lastKnownFileType = wrapper.framework; name = Foundation.framework; path = System/Library/Frameworks/Foundation.framework; sourceTree = SDKROOT; };
		286A2A7E18D40E52009385DF /* CoreGraphics.framework */ = {isa = PBXFileReference; lastKnownFileType = wrapper.framework; name = CoreGraphics.framework; path = System/Library/Frameworks/CoreGraphics.framework; sourceTree = SDKROOT; };
		286A2A8018D40E52009385DF /* UIKit.framework */ = {isa = PBXFileReference; lastKnownFileType = wrapper.framework; name = UIKit.framework; path = System/Library/Frameworks/UIKit.framework; sourceTree = SDKROOT; };
		286A2A8418D40E52009385DF /* SebbiToolBelt-Info.plist */ = {isa = PBXFileReference; lastKnownFileType = text.plist.xml; path = "SebbiToolBelt-Info.plist"; sourceTree = "<group>"; };
		286A2A8618D40E52009385DF /* en */ = {isa = PBXFileReference; lastKnownFileType = text.plist.strings; name = en; path = en.lproj/InfoPlist.strings; sourceTree = "<group>"; };
		286A2A8818D40E52009385DF /* main.m */ = {isa = PBXFileReference; lastKnownFileType = sourcecode.c.objc; path = main.m; sourceTree = "<group>"; };
		286A2A8A18D40E52009385DF /* SebbiToolBelt-Prefix.pch */ = {isa = PBXFileReference; lastKnownFileType = sourcecode.c.h; path = "SebbiToolBelt-Prefix.pch"; sourceTree = "<group>"; };
		286A2A8B18D40E52009385DF /* AppDelegate.h */ = {isa = PBXFileReference; lastKnownFileType = sourcecode.c.h; path = AppDelegate.h; sourceTree = "<group>"; };
		286A2A8C18D40E52009385DF /* AppDelegate.m */ = {isa = PBXFileReference; lastKnownFileType = sourcecode.c.objc; path = AppDelegate.m; sourceTree = "<group>"; };
		286A2A8E18D40E52009385DF /* Images.xcassets */ = {isa = PBXFileReference; lastKnownFileType = folder.assetcatalog; path = Images.xcassets; sourceTree = "<group>"; };
		286A2A9418D40E52009385DF /* SebbiToolBeltTests.xctest */ = {isa = PBXFileReference; explicitFileType = wrapper.cfbundle; includeInIndex = 0; path = SebbiToolBeltTests.xctest; sourceTree = BUILT_PRODUCTS_DIR; };
		286A2A9518D40E52009385DF /* XCTest.framework */ = {isa = PBXFileReference; lastKnownFileType = wrapper.framework; name = XCTest.framework; path = Library/Frameworks/XCTest.framework; sourceTree = DEVELOPER_DIR; };
		286A2A9D18D40E52009385DF /* SebbiToolBeltTests-Info.plist */ = {isa = PBXFileReference; lastKnownFileType = text.plist.xml; path = "SebbiToolBeltTests-Info.plist"; sourceTree = "<group>"; };
		286A2A9F18D40E52009385DF /* en */ = {isa = PBXFileReference; lastKnownFileType = text.plist.strings; name = en; path = en.lproj/InfoPlist.strings; sourceTree = "<group>"; };
		286A2AA118D40E52009385DF /* SebbiToolBeltTests.m */ = {isa = PBXFileReference; lastKnownFileType = sourcecode.c.objc; path = SebbiToolBeltTests.m; sourceTree = "<group>"; };
		286A2AB118D4102A009385DF /* UIImage+BoxBlur.h */ = {isa = PBXFileReference; fileEncoding = 4; lastKnownFileType = sourcecode.c.h; path = "UIImage+BoxBlur.h"; sourceTree = "<group>"; };
		286A2AB218D4102A009385DF /* UIImage+BoxBlur.m */ = {isa = PBXFileReference; fileEncoding = 4; lastKnownFileType = sourcecode.c.objc; path = "UIImage+BoxBlur.m"; sourceTree = "<group>"; };
		286A2AB518D41155009385DF /* UIImage+AverageColor.h */ = {isa = PBXFileReference; fileEncoding = 4; lastKnownFileType = sourcecode.c.h; path = "UIImage+AverageColor.h"; sourceTree = "<group>"; };
		286A2AB618D41155009385DF /* UIImage+AverageColor.m */ = {isa = PBXFileReference; fileEncoding = 4; lastKnownFileType = sourcecode.c.objc; path = "UIImage+AverageColor.m"; sourceTree = "<group>"; };
		286A2AB918D413A6009385DF /* UIImage+AverageColorTest.m */ = {isa = PBXFileReference; fileEncoding = 4; lastKnownFileType = sourcecode.c.objc; path = "UIImage+AverageColorTest.m"; sourceTree = "<group>"; };
		286A2ABB18D41609009385DF /* whiteRGBA.png */ = {isa = PBXFileReference; lastKnownFileType = image.png; path = whiteRGBA.png; sourceTree = "<group>"; };
		286A2ABD18D41609009385DF /* blackRGBA.png */ = {isa = PBXFileReference; lastKnownFileType = image.png; path = blackRGBA.png; sourceTree = "<group>"; };
		286A2AC718D4C99A009385DF /* midgrayRGBA.png */ = {isa = PBXFileReference; lastKnownFileType = image.png; path = midgrayRGBA.png; sourceTree = "<group>"; };
		286A2ACA18D4CE02009385DF /* greenRGBA.png */ = {isa = PBXFileReference; lastKnownFileType = image.png; path = greenRGBA.png; sourceTree = "<group>"; };
		286A2ACB18D4CE02009385DF /* blueRGBA.png */ = {isa = PBXFileReference; lastKnownFileType = image.png; path = blueRGBA.png; sourceTree = "<group>"; };
		286A2ACC18D4CE02009385DF /* redRGBA.png */ = {isa = PBXFileReference; lastKnownFileType = image.png; path = redRGBA.png; sourceTree = "<group>"; };
		286A2AD618D4CF9C009385DF /* halfbluehalfredRGBA.png */ = {isa = PBXFileReference; lastKnownFileType = image.png; path = halfbluehalfredRGBA.png; sourceTree = "<group>"; };
		286A2AD918D54C07009385DF /* duckRGB.jpg */ = {isa = PBXFileReference; lastKnownFileType = image.jpeg; path = duckRGB.jpg; sourceTree = "<group>"; };
		286A2ADC18D5508D009385DF /* catBigRGB.jpg */ = {isa = PBXFileReference; lastKnownFileType = image.jpeg; path = catBigRGB.jpg; sourceTree = "<group>"; };
		2877C7E718D5597B00E47392 /* horizontalRGB.jpg */ = {isa = PBXFileReference; lastKnownFileType = image.jpeg; path = horizontalRGB.jpg; sourceTree = "<group>"; };
		2877C7E818D5597B00E47392 /* verticalRGB.jpg */ = {isa = PBXFileReference; lastKnownFileType = image.jpeg; path = verticalRGB.jpg; sourceTree = "<group>"; };
		2877C7ED18D55B4800E47392 /* BlackAndWhiteRGB.jpg */ = {isa = PBXFileReference; lastKnownFileType = image.jpeg; path = BlackAndWhiteRGB.jpg; sourceTree = "<group>"; };
		2877C7F318D55E2E00E47392 /* doisneauKissSmallRGB.jpg */ = {isa = PBXFileReference; lastKnownFileType = image.jpeg; path = doisneauKissSmallRGB.jpg; sourceTree = "<group>"; };
		2877C7F618D7341D00E47392 /* BlackAndWhite.jpg */ = {isa = PBXFileReference; lastKnownFileType = image.jpeg; path = BlackAndWhite.jpg; sourceTree = "<group>"; };
		2877C7FC18D7351100E47392 /* BlackAndWhite.png */ = {isa = PBXFileReference; lastKnownFileType = image.png; path = BlackAndWhite.png; sourceTree = "<group>"; };
		2877C7FF18D735C900E47392 /* BlackAndWhiteSmall.png */ = {isa = PBXFileReference; lastKnownFileType = image.png; path = BlackAndWhiteSmall.png; sourceTree = "<group>"; };
		2877C80218D73AAC00E47392 /* white.png */ = {isa = PBXFileReference; lastKnownFileType = image.png; path = white.png; sourceTree = "<group>"; };
		2877C80518D73B5300E47392 /* black.png */ = {isa = PBXFileReference; lastKnownFileType = image.png; path = black.png; sourceTree = "<group>"; };
		2877C80818D7402A00E47392 /* BlackBig.png */ = {isa = PBXFileReference; lastKnownFileType = image.png; path = BlackBig.png; sourceTree = "<group>"; };
		28E54CD918D7DE7700795E6C /* UIColor+Opposite.h */ = {isa = PBXFileReference; fileEncoding = 4; lastKnownFileType = sourcecode.c.h; path = "UIColor+Opposite.h"; sourceTree = "<group>"; };
		28E54CDA18D7DE7700795E6C /* UIColor+Opposite.m */ = {isa = PBXFileReference; fileEncoding = 4; lastKnownFileType = sourcecode.c.objc; path = "UIColor+Opposite.m"; sourceTree = "<group>"; };
		28E54CDD18D7DF4800795E6C /* UIColor+OppositeTest.m */ = {isa = PBXFileReference; fileEncoding = 4; lastKnownFileType = sourcecode.c.objc; path = "UIColor+OppositeTest.m"; sourceTree = "<group>"; };
		28E54CDF18D7E25100795E6C /* UIColor+Brightness.h */ = {isa = PBXFileReference; fileEncoding = 4; lastKnownFileType = sourcecode.c.h; path = "UIColor+Brightness.h"; sourceTree = "<group>"; };
		28E54CE018D7E25100795E6C /* UIColor+Brightness.m */ = {isa = PBXFileReference; fileEncoding = 4; lastKnownFileType = sourcecode.c.objc; path = "UIColor+Brightness.m"; sourceTree = "<group>"; };
		28E54CE318D7E2F700795E6C /* UIColor+BrightnessTest.m */ = {isa = PBXFileReference; fileEncoding = 4; lastKnownFileType = sourcecode.c.objc; path = "UIColor+BrightnessTest.m"; sourceTree = "<group>"; };
		28E54CE518D7E7D300795E6C /* UIColor+Hex.h */ = {isa = PBXFileReference; fileEncoding = 4; lastKnownFileType = sourcecode.c.h; path = "UIColor+Hex.h"; sourceTree = "<group>"; };
		28E54CE618D7E7D300795E6C /* UIColor+Hex.m */ = {isa = PBXFileReference; fileEncoding = 4; lastKnownFileType = sourcecode.c.objc; path = "UIColor+Hex.m"; sourceTree = "<group>"; };
/* End PBXFileReference section */

/* Begin PBXFrameworksBuildPhase section */
		286A2A7618D40E52009385DF /* Frameworks */ = {
			isa = PBXFrameworksBuildPhase;
			buildActionMask = 2147483647;
			files = (
				286A2A7F18D40E52009385DF /* CoreGraphics.framework in Frameworks */,
				286A2A8118D40E52009385DF /* UIKit.framework in Frameworks */,
				286A2A7D18D40E52009385DF /* Foundation.framework in Frameworks */,
			);
			runOnlyForDeploymentPostprocessing = 0;
		};
		286A2A9118D40E52009385DF /* Frameworks */ = {
			isa = PBXFrameworksBuildPhase;
			buildActionMask = 2147483647;
			files = (
				286A2A9618D40E52009385DF /* XCTest.framework in Frameworks */,
				286A2A9818D40E52009385DF /* UIKit.framework in Frameworks */,
				286A2A9718D40E52009385DF /* Foundation.framework in Frameworks */,
			);
			runOnlyForDeploymentPostprocessing = 0;
		};
/* End PBXFrameworksBuildPhase section */

/* Begin PBXGroup section */
		286A2A7018D40E52009385DF = {
			isa = PBXGroup;
			children = (
				286A2A8218D40E52009385DF /* SebbiToolBelt */,
				286A2A9B18D40E52009385DF /* SebbiToolBeltTests */,
				286A2A7B18D40E52009385DF /* Frameworks */,
				286A2A7A18D40E52009385DF /* Products */,
			);
			sourceTree = "<group>";
		};
		286A2A7A18D40E52009385DF /* Products */ = {
			isa = PBXGroup;
			children = (
				286A2A7918D40E52009385DF /* SebbiToolBelt.app */,
				286A2A9418D40E52009385DF /* SebbiToolBeltTests.xctest */,
			);
			name = Products;
			sourceTree = "<group>";
		};
		286A2A7B18D40E52009385DF /* Frameworks */ = {
			isa = PBXGroup;
			children = (
				286A2A7C18D40E52009385DF /* Foundation.framework */,
				286A2A7E18D40E52009385DF /* CoreGraphics.framework */,
				286A2A8018D40E52009385DF /* UIKit.framework */,
				286A2A9518D40E52009385DF /* XCTest.framework */,
			);
			name = Frameworks;
			sourceTree = "<group>";
		};
		286A2A8218D40E52009385DF /* SebbiToolBelt */ = {
			isa = PBXGroup;
			children = (
				286A2AAB18D41009009385DF /* Classes */,
				286A2A8B18D40E52009385DF /* AppDelegate.h */,
				286A2A8C18D40E52009385DF /* AppDelegate.m */,
				286A2A8E18D40E52009385DF /* Images.xcassets */,
				286A2A8318D40E52009385DF /* Supporting Files */,
			);
			path = SebbiToolBelt;
			sourceTree = "<group>";
		};
		286A2A8318D40E52009385DF /* Supporting Files */ = {
			isa = PBXGroup;
			children = (
				286A2A8418D40E52009385DF /* SebbiToolBelt-Info.plist */,
				286A2A8518D40E52009385DF /* InfoPlist.strings */,
				286A2A8818D40E52009385DF /* main.m */,
				286A2A8A18D40E52009385DF /* SebbiToolBelt-Prefix.pch */,
			);
			name = "Supporting Files";
			sourceTree = "<group>";
		};
		286A2A9B18D40E52009385DF /* SebbiToolBeltTests */ = {
			isa = PBXGroup;
			children = (
				286A2AA118D40E52009385DF /* SebbiToolBeltTests.m */,
				286A2A9C18D40E52009385DF /* Supporting Files */,
				286A2AB918D413A6009385DF /* UIImage+AverageColorTest.m */,
				28E54CDD18D7DF4800795E6C /* UIColor+OppositeTest.m */,
				28E54CE318D7E2F700795E6C /* UIColor+BrightnessTest.m */,
			);
			path = SebbiToolBeltTests;
			sourceTree = "<group>";
		};
		286A2A9C18D40E52009385DF /* Supporting Files */ = {
			isa = PBXGroup;
			children = (
				2877C80218D73AAC00E47392 /* white.png */,
				2877C80518D73B5300E47392 /* black.png */,
				286A2ABB18D41609009385DF /* whiteRGBA.png */,
				286A2ABD18D41609009385DF /* blackRGBA.png */,
				286A2AC718D4C99A009385DF /* midgrayRGBA.png */,
				286A2ACA18D4CE02009385DF /* greenRGBA.png */,
				286A2ACB18D4CE02009385DF /* blueRGBA.png */,
				286A2ACC18D4CE02009385DF /* redRGBA.png */,
				286A2AD918D54C07009385DF /* duckRGB.jpg */,
				286A2ADC18D5508D009385DF /* catBigRGB.jpg */,
				286A2AD618D4CF9C009385DF /* halfbluehalfredRGBA.png */,
				2877C7E718D5597B00E47392 /* horizontalRGB.jpg */,
				2877C7E818D5597B00E47392 /* verticalRGB.jpg */,
				2877C7ED18D55B4800E47392 /* BlackAndWhiteRGB.jpg */,
				2877C7F618D7341D00E47392 /* BlackAndWhite.jpg */,
				2877C80818D7402A00E47392 /* BlackBig.png */,
				2877C7F318D55E2E00E47392 /* doisneauKissSmallRGB.jpg */,
				2877C7FC18D7351100E47392 /* BlackAndWhite.png */,
				2877C7FF18D735C900E47392 /* BlackAndWhiteSmall.png */,
				286A2A9D18D40E52009385DF /* SebbiToolBeltTests-Info.plist */,
				286A2A9E18D40E52009385DF /* InfoPlist.strings */,
			);
			name = "Supporting Files";
			sourceTree = "<group>";
		};
		286A2AAB18D41009009385DF /* Classes */ = {
			isa = PBXGroup;
			children = (
				286A2AAC18D41009009385DF /* UIColor+Brightness */,
				286A2AAD18D41009009385DF /* UIColor+Hex */,
				286A2AAE18D41009009385DF /* UIColor+Opposite */,
				286A2AAF18D41009009385DF /* UIImage+AverageColor */,
				286A2AB018D41009009385DF /* UIImage+BoxBlur */,
			);
			path = Classes;
			sourceTree = "<group>";
		};
		286A2AAC18D41009009385DF /* UIColor+Brightness */ = {
			isa = PBXGroup;
			children = (
				28E54CDF18D7E25100795E6C /* UIColor+Brightness.h */,
				28E54CE018D7E25100795E6C /* UIColor+Brightness.m */,
			);
			path = "UIColor+Brightness";
			sourceTree = "<group>";
		};
		286A2AAD18D41009009385DF /* UIColor+Hex */ = {
			isa = PBXGroup;
			children = (
				28E54CE518D7E7D300795E6C /* UIColor+Hex.h */,
				28E54CE618D7E7D300795E6C /* UIColor+Hex.m */,
			);
			path = "UIColor+Hex";
			sourceTree = "<group>";
		};
		286A2AAE18D41009009385DF /* UIColor+Opposite */ = {
			isa = PBXGroup;
			children = (
				28E54CD918D7DE7700795E6C /* UIColor+Opposite.h */,
				28E54CDA18D7DE7700795E6C /* UIColor+Opposite.m */,
			);
			path = "UIColor+Opposite";
			sourceTree = "<group>";
		};
		286A2AAF18D41009009385DF /* UIImage+AverageColor */ = {
			isa = PBXGroup;
			children = (
				286A2AB518D41155009385DF /* UIImage+AverageColor.h */,
				286A2AB618D41155009385DF /* UIImage+AverageColor.m */,
			);
			path = "UIImage+AverageColor";
			sourceTree = "<group>";
		};
		286A2AB018D41009009385DF /* UIImage+BoxBlur */ = {
			isa = PBXGroup;
			children = (
				286A2AB118D4102A009385DF /* UIImage+BoxBlur.h */,
				286A2AB218D4102A009385DF /* UIImage+BoxBlur.m */,
			);
			path = "UIImage+BoxBlur";
			sourceTree = "<group>";
		};
/* End PBXGroup section */

/* Begin PBXNativeTarget section */
		286A2A7818D40E52009385DF /* SebbiToolBelt */ = {
			isa = PBXNativeTarget;
			buildConfigurationList = 286A2AA518D40E52009385DF /* Build configuration list for PBXNativeTarget "SebbiToolBelt" */;
			buildPhases = (
				286A2A7518D40E52009385DF /* Sources */,
				286A2A7618D40E52009385DF /* Frameworks */,
				286A2A7718D40E52009385DF /* Resources */,
			);
			buildRules = (
			);
			dependencies = (
			);
			name = SebbiToolBelt;
			productName = SebbiToolBelt;
			productReference = 286A2A7918D40E52009385DF /* SebbiToolBelt.app */;
			productType = "com.apple.product-type.application";
		};
		286A2A9318D40E52009385DF /* SebbiToolBeltTests */ = {
			isa = PBXNativeTarget;
			buildConfigurationList = 286A2AA818D40E52009385DF /* Build configuration list for PBXNativeTarget "SebbiToolBeltTests" */;
			buildPhases = (
				286A2A9018D40E52009385DF /* Sources */,
				286A2A9118D40E52009385DF /* Frameworks */,
				286A2A9218D40E52009385DF /* Resources */,
			);
			buildRules = (
			);
			dependencies = (
				286A2A9A18D40E52009385DF /* PBXTargetDependency */,
			);
			name = SebbiToolBeltTests;
			productName = SebbiToolBeltTests;
			productReference = 286A2A9418D40E52009385DF /* SebbiToolBeltTests.xctest */;
			productType = "com.apple.product-type.bundle.unit-test";
		};
/* End PBXNativeTarget section */

/* Begin PBXProject section */
		286A2A7118D40E52009385DF /* Project object */ = {
			isa = PBXProject;
			attributes = {
				LastUpgradeCheck = 0510;
				ORGANIZATIONNAME = "Sebastien Windal";
				TargetAttributes = {
					286A2A9318D40E52009385DF = {
						TestTargetID = 286A2A7818D40E52009385DF;
					};
				};
			};
			buildConfigurationList = 286A2A7418D40E52009385DF /* Build configuration list for PBXProject "SebbiToolBelt" */;
			compatibilityVersion = "Xcode 3.2";
			developmentRegion = English;
			hasScannedForEncodings = 0;
			knownRegions = (
				en,
			);
			mainGroup = 286A2A7018D40E52009385DF;
			productRefGroup = 286A2A7A18D40E52009385DF /* Products */;
			projectDirPath = "";
			projectRoot = "";
			targets = (
				286A2A7818D40E52009385DF /* SebbiToolBelt */,
				286A2A9318D40E52009385DF /* SebbiToolBeltTests */,
			);
		};
/* End PBXProject section */

/* Begin PBXResourcesBuildPhase section */
		286A2A7718D40E52009385DF /* Resources */ = {
			isa = PBXResourcesBuildPhase;
			buildActionMask = 2147483647;
			files = (
				2877C7FD18D7351100E47392 /* BlackAndWhite.png in Resources */,
				286A2A8718D40E52009385DF /* InfoPlist.strings in Resources */,
				2877C7F718D7341D00E47392 /* BlackAndWhite.jpg in Resources */,
				286A2AC818D4C99A009385DF /* midgrayRGBA.png in Resources */,
				2877C7EC18D55A7800E47392 /* verticalRGB.jpg in Resources */,
				286A2A8F18D40E52009385DF /* Images.xcassets in Resources */,
				2877C80918D7402A00E47392 /* BlackBig.png in Resources */,
				2877C7EB18D55A7400E47392 /* horizontalRGB.jpg in Resources */,
				286A2ACD18D4CE02009385DF /* greenRGBA.png in Resources */,
				2877C7F418D55E2E00E47392 /* doisneauKissSmallRGB.jpg in Resources */,
				2877C80618D73B5300E47392 /* black.png in Resources */,
				286A2AC118D4170E009385DF /* whiteRGBA.png in Resources */,
				286A2AD118D4CE02009385DF /* redRGBA.png in Resources */,
				286A2ADD18D5508D009385DF /* catBigRGB.jpg in Resources */,
				286A2ADA18D54C07009385DF /* duckRGB.jpg in Resources */,
				2877C80318D73AAC00E47392 /* white.png in Resources */,
				286A2AD718D4CF9C009385DF /* halfbluehalfredRGBA.png in Resources */,
				2877C7EF18D55B9600E47392 /* BlackAndWhiteRGB.jpg in Resources */,
				2877C80018D735C900E47392 /* BlackAndWhiteSmall.png in Resources */,
				286A2ACF18D4CE02009385DF /* blueRGBA.png in Resources */,
				286A2AC318D418D8009385DF /* blackRGBA.png in Resources */,
			);
			runOnlyForDeploymentPostprocessing = 0;
		};
		286A2A9218D40E52009385DF /* Resources */ = {
			isa = PBXResourcesBuildPhase;
			buildActionMask = 2147483647;
			files = (
				286A2AC918D4C99A009385DF /* midgrayRGBA.png in Resources */,
				2877C7EE18D55B4800E47392 /* BlackAndWhiteRGB.jpg in Resources */,
				2877C80A18D7402A00E47392 /* BlackBig.png in Resources */,
				286A2AC018D41609009385DF /* blackRGBA.png in Resources */,
				2877C7E918D5597B00E47392 /* horizontalRGB.jpg in Resources */,
				2877C7F818D7341D00E47392 /* BlackAndWhite.jpg in Resources */,
				2877C7FE18D7351100E47392 /* BlackAndWhite.png in Resources */,
				286A2ACE18D4CE02009385DF /* greenRGBA.png in Resources */,
				2877C7F518D55E2E00E47392 /* doisneauKissSmallRGB.jpg in Resources */,
				286A2ADE18D5508D009385DF /* catBigRGB.jpg in Resources */,
				2877C7EA18D5597B00E47392 /* verticalRGB.jpg in Resources */,
				286A2AA018D40E52009385DF /* InfoPlist.strings in Resources */,
				2877C80418D73AAC00E47392 /* white.png in Resources */,
				286A2ADB18D54C07009385DF /* duckRGB.jpg in Resources */,
				2877C80718D73B5300E47392 /* black.png in Resources */,
				286A2AD218D4CE02009385DF /* redRGBA.png in Resources */,
				2877C80118D735C900E47392 /* BlackAndWhiteSmall.png in Resources */,
				286A2ABE18D41609009385DF /* whiteRGBA.png in Resources */,
				286A2AD018D4CE02009385DF /* blueRGBA.png in Resources */,
				286A2AD818D4CF9C009385DF /* halfbluehalfredRGBA.png in Resources */,
			);
			runOnlyForDeploymentPostprocessing = 0;
		};
/* End PBXResourcesBuildPhase section */

/* Begin PBXSourcesBuildPhase section */
		286A2A7518D40E52009385DF /* Sources */ = {
			isa = PBXSourcesBuildPhase;
			buildActionMask = 2147483647;
			files = (
				28E54CE118D7E25100795E6C /* UIColor+Brightness.m in Sources */,
				286A2AB318D4102A009385DF /* UIImage+BoxBlur.m in Sources */,
				286A2A8D18D40E52009385DF /* AppDelegate.m in Sources */,
				28E54CDB18D7DE7700795E6C /* UIColor+Opposite.m in Sources */,
				28E54CE718D7E7D300795E6C /* UIColor+Hex.m in Sources */,
				286A2A8918D40E52009385DF /* main.m in Sources */,
				286A2AB718D41155009385DF /* UIImage+AverageColor.m in Sources */,
			);
			runOnlyForDeploymentPostprocessing = 0;
		};
		286A2A9018D40E52009385DF /* Sources */ = {
			isa = PBXSourcesBuildPhase;
			buildActionMask = 2147483647;
			files = (
				286A2AB818D41155009385DF /* UIImage+AverageColor.m in Sources */,
				28E54CE218D7E25100795E6C /* UIColor+Brightness.m in Sources */,
				286A2AB418D4102A009385DF /* UIImage+BoxBlur.m in Sources */,
				28E54CDE18D7DF4800795E6C /* UIColor+OppositeTest.m in Sources */,
				28E54CE818D7E7D300795E6C /* UIColor+Hex.m in Sources */,
				28E54CE418D7E2F700795E6C /* UIColor+BrightnessTest.m in Sources */,
				28E54CDC18D7DE7700795E6C /* UIColor+Opposite.m in Sources */,
				286A2AA218D40E52009385DF /* SebbiToolBeltTests.m in Sources */,
				286A2ABA18D413A6009385DF /* UIImage+AverageColorTest.m in Sources */,
			);
			runOnlyForDeploymentPostprocessing = 0;
		};
/* End PBXSourcesBuildPhase section */

/* Begin PBXTargetDependency section */
		286A2A9A18D40E52009385DF /* PBXTargetDependency */ = {
			isa = PBXTargetDependency;
			target = 286A2A7818D40E52009385DF /* SebbiToolBelt */;
			targetProxy = 286A2A9918D40E52009385DF /* PBXContainerItemProxy */;
		};
/* End PBXTargetDependency section */

/* Begin PBXVariantGroup section */
		286A2A8518D40E52009385DF /* InfoPlist.strings */ = {
			isa = PBXVariantGroup;
			children = (
				286A2A8618D40E52009385DF /* en */,
			);
			name = InfoPlist.strings;
			sourceTree = "<group>";
		};
		286A2A9E18D40E52009385DF /* InfoPlist.strings */ = {
			isa = PBXVariantGroup;
			children = (
				286A2A9F18D40E52009385DF /* en */,
			);
			name = InfoPlist.strings;
			sourceTree = "<group>";
		};
/* End PBXVariantGroup section */

/* Begin XCBuildConfiguration section */
		286A2AA318D40E52009385DF /* Debug */ = {
			isa = XCBuildConfiguration;
			buildSettings = {
				ALWAYS_SEARCH_USER_PATHS = NO;
				CLANG_CXX_LANGUAGE_STANDARD = "gnu++0x";
				CLANG_CXX_LIBRARY = "libc++";
				CLANG_ENABLE_MODULES = YES;
				CLANG_ENABLE_OBJC_ARC = YES;
				CLANG_WARN_BOOL_CONVERSION = YES;
				CLANG_WARN_CONSTANT_CONVERSION = YES;
				CLANG_WARN_DIRECT_OBJC_ISA_USAGE = YES_ERROR;
				CLANG_WARN_EMPTY_BODY = YES;
				CLANG_WARN_ENUM_CONVERSION = YES;
				CLANG_WARN_INT_CONVERSION = YES;
				CLANG_WARN_OBJC_ROOT_CLASS = YES_ERROR;
				CLANG_WARN__DUPLICATE_METHOD_MATCH = YES;
				"CODE_SIGN_IDENTITY[sdk=iphoneos*]" = "iPhone Developer";
				COPY_PHASE_STRIP = NO;
				GCC_C_LANGUAGE_STANDARD = gnu99;
				GCC_DYNAMIC_NO_PIC = NO;
				GCC_OPTIMIZATION_LEVEL = 0;
				GCC_PREPROCESSOR_DEFINITIONS = (
					"DEBUG=1",
					"$(inherited)",
				);
				GCC_SYMBOLS_PRIVATE_EXTERN = NO;
				GCC_WARN_64_TO_32_BIT_CONVERSION = YES;
				GCC_WARN_ABOUT_RETURN_TYPE = YES_ERROR;
				GCC_WARN_UNDECLARED_SELECTOR = YES;
				GCC_WARN_UNINITIALIZED_AUTOS = YES_AGGRESSIVE;
				GCC_WARN_UNUSED_FUNCTION = YES;
				GCC_WARN_UNUSED_VARIABLE = YES;
				IPHONEOS_DEPLOYMENT_TARGET = 7.1;
				ONLY_ACTIVE_ARCH = YES;
				SDKROOT = iphoneos;
			};
			name = Debug;
		};
		286A2AA418D40E52009385DF /* Release */ = {
			isa = XCBuildConfiguration;
			buildSettings = {
				ALWAYS_SEARCH_USER_PATHS = NO;
				CLANG_CXX_LANGUAGE_STANDARD = "gnu++0x";
				CLANG_CXX_LIBRARY = "libc++";
				CLANG_ENABLE_MODULES = YES;
				CLANG_ENABLE_OBJC_ARC = YES;
				CLANG_WARN_BOOL_CONVERSION = YES;
				CLANG_WARN_CONSTANT_CONVERSION = YES;
				CLANG_WARN_DIRECT_OBJC_ISA_USAGE = YES_ERROR;
				CLANG_WARN_EMPTY_BODY = YES;
				CLANG_WARN_ENUM_CONVERSION = YES;
				CLANG_WARN_INT_CONVERSION = YES;
				CLANG_WARN_OBJC_ROOT_CLASS = YES_ERROR;
				CLANG_WARN__DUPLICATE_METHOD_MATCH = YES;
				"CODE_SIGN_IDENTITY[sdk=iphoneos*]" = "iPhone Developer";
				COPY_PHASE_STRIP = YES;
				ENABLE_NS_ASSERTIONS = NO;
				GCC_C_LANGUAGE_STANDARD = gnu99;
				GCC_WARN_64_TO_32_BIT_CONVERSION = YES;
				GCC_WARN_ABOUT_RETURN_TYPE = YES_ERROR;
				GCC_WARN_UNDECLARED_SELECTOR = YES;
				GCC_WARN_UNINITIALIZED_AUTOS = YES_AGGRESSIVE;
				GCC_WARN_UNUSED_FUNCTION = YES;
				GCC_WARN_UNUSED_VARIABLE = YES;
				IPHONEOS_DEPLOYMENT_TARGET = 7.1;
				SDKROOT = iphoneos;
				VALIDATE_PRODUCT = YES;
			};
			name = Release;
		};
		286A2AA618D40E52009385DF /* Debug */ = {
			isa = XCBuildConfiguration;
			buildSettings = {
				ASSETCATALOG_COMPILER_APPICON_NAME = AppIcon;
				ASSETCATALOG_COMPILER_LAUNCHIMAGE_NAME = LaunchImage;
				GCC_PRECOMPILE_PREFIX_HEADER = YES;
				GCC_PREFIX_HEADER = "SebbiToolBelt/SebbiToolBelt-Prefix.pch";
				INFOPLIST_FILE = "SebbiToolBelt/SebbiToolBelt-Info.plist";
				PRODUCT_NAME = "$(TARGET_NAME)";
				WRAPPER_EXTENSION = app;
			};
			name = Debug;
		};
		286A2AA718D40E52009385DF /* Release */ = {
			isa = XCBuildConfiguration;
			buildSettings = {
				ASSETCATALOG_COMPILER_APPICON_NAME = AppIcon;
				ASSETCATALOG_COMPILER_LAUNCHIMAGE_NAME = LaunchImage;
				GCC_PRECOMPILE_PREFIX_HEADER = YES;
				GCC_PREFIX_HEADER = "SebbiToolBelt/SebbiToolBelt-Prefix.pch";
				INFOPLIST_FILE = "SebbiToolBelt/SebbiToolBelt-Info.plist";
				PRODUCT_NAME = "$(TARGET_NAME)";
				WRAPPER_EXTENSION = app;
			};
			name = Release;
		};
		286A2AA918D40E52009385DF /* Debug */ = {
			isa = XCBuildConfiguration;
			buildSettings = {
				BUNDLE_LOADER = "$(BUILT_PRODUCTS_DIR)/SebbiToolBelt.app/SebbiToolBelt";
				FRAMEWORK_SEARCH_PATHS = (
					"$(SDKROOT)/Developer/Library/Frameworks",
					"$(inherited)",
					"$(DEVELOPER_FRAMEWORKS_DIR)",
				);
				GCC_PRECOMPILE_PREFIX_HEADER = YES;
				GCC_PREFIX_HEADER = "SebbiToolBelt/SebbiToolBelt-Prefix.pch";
				GCC_PREPROCESSOR_DEFINITIONS = (
					"DEBUG=1",
					"$(inherited)",
				);
				INFOPLIST_FILE = "SebbiToolBeltTests/SebbiToolBeltTests-Info.plist";
				PRODUCT_NAME = "$(TARGET_NAME)";
				TEST_HOST = "$(BUNDLE_LOADER)";
				WRAPPER_EXTENSION = xctest;
			};
			name = Debug;
		};
		286A2AAA18D40E52009385DF /* Release */ = {
			isa = XCBuildConfiguration;
			buildSettings = {
				BUNDLE_LOADER = "$(BUILT_PRODUCTS_DIR)/SebbiToolBelt.app/SebbiToolBelt";
				FRAMEWORK_SEARCH_PATHS = (
					"$(SDKROOT)/Developer/Library/Frameworks",
					"$(inherited)",
					"$(DEVELOPER_FRAMEWORKS_DIR)",
				);
				GCC_PRECOMPILE_PREFIX_HEADER = YES;
				GCC_PREFIX_HEADER = "SebbiToolBelt/SebbiToolBelt-Prefix.pch";
				INFOPLIST_FILE = "SebbiToolBeltTests/SebbiToolBeltTests-Info.plist";
				PRODUCT_NAME = "$(TARGET_NAME)";
				TEST_HOST = "$(BUNDLE_LOADER)";
				WRAPPER_EXTENSION = xctest;
			};
			name = Release;
		};
/* End XCBuildConfiguration section */

/* Begin XCConfigurationList section */
		286A2A7418D40E52009385DF /* Build configuration list for PBXProject "SebbiToolBelt" */ = {
			isa = XCConfigurationList;
			buildConfigurations = (
				286A2AA318D40E52009385DF /* Debug */,
				286A2AA418D40E52009385DF /* Release */,
			);
			defaultConfigurationIsVisible = 0;
			defaultConfigurationName = Release;
		};
		286A2AA518D40E52009385DF /* Build configuration list for PBXNativeTarget "SebbiToolBelt" */ = {
			isa = XCConfigurationList;
			buildConfigurations = (
				286A2AA618D40E52009385DF /* Debug */,
				286A2AA718D40E52009385DF /* Release */,
			);
			defaultConfigurationIsVisible = 0;
			defaultConfigurationName = Release;
		};
		286A2AA818D40E52009385DF /* Build configuration list for PBXNativeTarget "SebbiToolBeltTests" */ = {
			isa = XCConfigurationList;
			buildConfigurations = (
				286A2AA918D40E52009385DF /* Debug */,
				286A2AAA18D40E52009385DF /* Release */,
			);
			defaultConfigurationIsVisible = 0;
			defaultConfigurationName = Release;
		};
/* End XCConfigurationList section */
	};
	rootObject = 286A2A7118D40E52009385DF /* Project object */;
}
